
Microsoft Visual Studio Solution File, Format Version 12.00
# Visual Studio 14
VisualStudioVersion = 14.0.25420.1
MinimumVisualStudioVersion = 10.0.40219.1
Project("{8BC9CEB8-8B4A-11D0-8D11-00A0C91BC942}") = "chrono", "chrono\chrono.vcxproj", "{FEB34EF2-3640-4C68-BC87-B07C56DD58DC}"
EndProject
Project("{8BC9CEB8-8B4A-11D0-8D11-00A0C91BC942}") = "chrono_test", "chrono_test\test.vcxproj", "{5A3BAD1B-3804-4C01-A1F1-C23462D2F2D4}"
EndProject
Global
	GlobalSection(SolutionConfigurationPlatforms) = preSolution
		Debug|x86 = Debug|x86
		Release|x86 = Release|x86
	EndGlobalSection
	GlobalSection(ProjectConfigurationPlatforms) = postSolution
		{FEB34EF2-3640-4C68-BC87-B07C56DD58DC}.Debug|x86.ActiveCfg = Debug|Win32
		{FEB34EF2-3640-4C68-BC87-B07C56DD58DC}.Debug|x86.Build.0 = Debug|Win32
		{FEB34EF2-3640-4C68-BC87-B07C56DD58DC}.Release|x86.ActiveCfg = Release|Win32
		{FEB34EF2-3640-4C68-BC87-B07C56DD58DC}.Release|x86.Build.0 = Release|Win32
		{5A3BAD1B-3804-4C01-A1F1-C23462D2F2D4}.Debug|x86.ActiveCfg = Debug|Win32
		{5A3BAD1B-3804-4C01-A1F1-C23462D2F2D4}.Debug|x86.Build.0 = Debug|Win32
		{5A3BAD1B-3804-4C01-A1F1-C23462D2F2D4}.Release|x86.ActiveCfg = Release|Win32
		{5A3BAD1B-3804-4C01-A1F1-C23462D2F2D4}.Release|x86.Build.0 = Release|Win32
	EndGlobalSection
	GlobalSection(SolutionProperties) = preSolution
		HideSolutionNode = FALSE
	EndGlobalSection
EndGlobal
