
Microsoft Visual Studio Solution File, Format Version 12.00
# Visual Studio 14
VisualStudioVersion = 14.0.25420.1
MinimumVisualStudioVersion = 10.0.40219.1
Project("{8BC9CEB8-8B4A-11D0-8D11-00A0C91BC942}") = "chrono", "chrono\chrono.vcxproj", "{FEB34EF2-3640-4C68-BC87-B07C56DD58DC}"
EndProject
Project("{8BC9CEB8-8B4A-11D0-8D11-00A0C91BC942}") = "chrono_test", "chrono_test\test.vcxproj", "{5A3BAD1B-3804-4C01-A1F1-C23462D2F2D4}"
EndProject
Project("{8BC9CEB8-8B4A-11D0-8D11-00A0C91BC942}") = "atomic", "atomic\atomic.vcxproj", "{D12E225F-AE15-41A2-A705-2CC4FC585CEB}"
EndProject
Project("{8BC9CEB8-8B4A-11D0-8D11-00A0C91BC942}") = "atomic_flag", "atomic_flag\atomic_flag.vcxproj", "{180A5E88-D398-4252-871A-BE85688308DB}"
EndProject
Project("{8BC9CEB8-8B4A-11D0-8D11-00A0C91BC942}") = "int_thread", "int_thread\int_thread.vcxproj", "{510B4D12-ED72-4404-B969-93CAD5B1C5EA}"
EndProject
Project("{8BC9CEB8-8B4A-11D0-8D11-00A0C91BC942}") = "SafeQueue", "SafeQueue\SafeQueue.vcxproj", "{E1ACA333-A90E-48E5-828E-D8A1F1DDAA66}"
EndProject
Project("{8BC9CEB8-8B4A-11D0-8D11-00A0C91BC942}") = "Pimpl", "Pimpl\Pimpl.vcxproj", "{E49B5791-2EDE-4A80-BEA0-19DC587609D4}"
EndProject
Project("{8BC9CEB8-8B4A-11D0-8D11-00A0C91BC942}") = "ConsoleApplication2", "coro\ConsoleApplication2.vcxproj", "{AA7BE321-781F-4044-B9D2-D423B010996C}"
EndProject
Project("{8BC9CEB8-8B4A-11D0-8D11-00A0C91BC942}") = "cppython", "cppython\ConsoleApplication1.vcxproj", "{708062F2-7FCE-4814-8884-E640AC0F6521}"
EndProject
Project("{8BC9CEB8-8B4A-11D0-8D11-00A0C91BC942}") = "calculator", "calculator\calculator.vcxproj", "{0261715D-3393-489C-A812-F566A975A7D0}"
EndProject
Project("{8BC9CEB8-8B4A-11D0-8D11-00A0C91BC942}") = "calculatorTest", "calculatorTest\calculatorTest.vcxproj", "{242EEDFE-CF9A-45B4-A07C-56A2AD850368}"
EndProject
Project("{8BC9CEB8-8B4A-11D0-8D11-00A0C91BC942}") = "PasskeyIdiom", "PasskeyIdiom\PasskeyIdiom.vcxproj", "{B69FDE13-1456-40D8-99D9-674448A065E7}"
EndProject
Project("{8BC9CEB8-8B4A-11D0-8D11-00A0C91BC942}") = "move", "move\move.vcxproj", "{3EB5F5FC-0F80-4C88-A1AB-4D7162B36583}"
EndProject
Project("{8BC9CEB8-8B4A-11D0-8D11-00A0C91BC942}") = "Observe", "Observe\Observe.vcxproj", "{DB82E84B-98CB-4BD3-8E83-A8A2218423DA}"
EndProject
Project("{8BC9CEB8-8B4A-11D0-8D11-00A0C91BC942}") = "MyTemplate", "MyTemplate\MyTemplate.vcxproj", "{A9677A70-E810-4A32-9216-848266D3F76D}"
EndProject
Global
	GlobalSection(SolutionConfigurationPlatforms) = preSolution
		Debug|x64 = Debug|x64
		Debug|x86 = Debug|x86
		Release|x64 = Release|x64
		Release|x86 = Release|x86
	EndGlobalSection
	GlobalSection(ProjectConfigurationPlatforms) = postSolution
		{FEB34EF2-3640-4C68-BC87-B07C56DD58DC}.Debug|x64.ActiveCfg = Debug|Win32
		{FEB34EF2-3640-4C68-BC87-B07C56DD58DC}.Debug|x86.ActiveCfg = Debug|Win32
		{FEB34EF2-3640-4C68-BC87-B07C56DD58DC}.Debug|x86.Build.0 = Debug|Win32
		{FEB34EF2-3640-4C68-BC87-B07C56DD58DC}.Release|x64.ActiveCfg = Release|Win32
		{FEB34EF2-3640-4C68-BC87-B07C56DD58DC}.Release|x86.ActiveCfg = Release|Win32
		{FEB34EF2-3640-4C68-BC87-B07C56DD58DC}.Release|x86.Build.0 = Release|Win32
		{5A3BAD1B-3804-4C01-A1F1-C23462D2F2D4}.Debug|x64.ActiveCfg = Debug|Win32
		{5A3BAD1B-3804-4C01-A1F1-C23462D2F2D4}.Debug|x86.ActiveCfg = Debug|Win32
		{5A3BAD1B-3804-4C01-A1F1-C23462D2F2D4}.Debug|x86.Build.0 = Debug|Win32
		{5A3BAD1B-3804-4C01-A1F1-C23462D2F2D4}.Release|x64.ActiveCfg = Release|Win32
		{5A3BAD1B-3804-4C01-A1F1-C23462D2F2D4}.Release|x86.ActiveCfg = Release|Win32
		{5A3BAD1B-3804-4C01-A1F1-C23462D2F2D4}.Release|x86.Build.0 = Release|Win32
		{D12E225F-AE15-41A2-A705-2CC4FC585CEB}.Debug|x64.ActiveCfg = Debug|x64
		{D12E225F-AE15-41A2-A705-2CC4FC585CEB}.Debug|x64.Build.0 = Debug|x64
		{D12E225F-AE15-41A2-A705-2CC4FC585CEB}.Debug|x86.ActiveCfg = Debug|Win32
		{D12E225F-AE15-41A2-A705-2CC4FC585CEB}.Debug|x86.Build.0 = Debug|Win32
		{D12E225F-AE15-41A2-A705-2CC4FC585CEB}.Release|x64.ActiveCfg = Release|x64
		{D12E225F-AE15-41A2-A705-2CC4FC585CEB}.Release|x64.Build.0 = Release|x64
		{D12E225F-AE15-41A2-A705-2CC4FC585CEB}.Release|x86.ActiveCfg = Release|Win32
		{D12E225F-AE15-41A2-A705-2CC4FC585CEB}.Release|x86.Build.0 = Release|Win32
		{180A5E88-D398-4252-871A-BE85688308DB}.Debug|x64.ActiveCfg = Debug|x64
		{180A5E88-D398-4252-871A-BE85688308DB}.Debug|x64.Build.0 = Debug|x64
		{180A5E88-D398-4252-871A-BE85688308DB}.Debug|x86.ActiveCfg = Debug|Win32
		{180A5E88-D398-4252-871A-BE85688308DB}.Debug|x86.Build.0 = Debug|Win32
		{180A5E88-D398-4252-871A-BE85688308DB}.Release|x64.ActiveCfg = Release|x64
		{180A5E88-D398-4252-871A-BE85688308DB}.Release|x64.Build.0 = Release|x64
		{180A5E88-D398-4252-871A-BE85688308DB}.Release|x86.ActiveCfg = Release|Win32
		{180A5E88-D398-4252-871A-BE85688308DB}.Release|x86.Build.0 = Release|Win32
		{510B4D12-ED72-4404-B969-93CAD5B1C5EA}.Debug|x64.ActiveCfg = Debug|x64
		{510B4D12-ED72-4404-B969-93CAD5B1C5EA}.Debug|x64.Build.0 = Debug|x64
		{510B4D12-ED72-4404-B969-93CAD5B1C5EA}.Debug|x86.ActiveCfg = Debug|Win32
		{510B4D12-ED72-4404-B969-93CAD5B1C5EA}.Debug|x86.Build.0 = Debug|Win32
		{510B4D12-ED72-4404-B969-93CAD5B1C5EA}.Release|x64.ActiveCfg = Release|x64
		{510B4D12-ED72-4404-B969-93CAD5B1C5EA}.Release|x64.Build.0 = Release|x64
		{510B4D12-ED72-4404-B969-93CAD5B1C5EA}.Release|x86.ActiveCfg = Release|Win32
		{510B4D12-ED72-4404-B969-93CAD5B1C5EA}.Release|x86.Build.0 = Release|Win32
		{E1ACA333-A90E-48E5-828E-D8A1F1DDAA66}.Debug|x64.ActiveCfg = Debug|x64
		{E1ACA333-A90E-48E5-828E-D8A1F1DDAA66}.Debug|x64.Build.0 = Debug|x64
		{E1ACA333-A90E-48E5-828E-D8A1F1DDAA66}.Debug|x86.ActiveCfg = Debug|Win32
		{E1ACA333-A90E-48E5-828E-D8A1F1DDAA66}.Debug|x86.Build.0 = Debug|Win32
		{E1ACA333-A90E-48E5-828E-D8A1F1DDAA66}.Release|x64.ActiveCfg = Release|x64
		{E1ACA333-A90E-48E5-828E-D8A1F1DDAA66}.Release|x64.Build.0 = Release|x64
		{E1ACA333-A90E-48E5-828E-D8A1F1DDAA66}.Release|x86.ActiveCfg = Release|Win32
		{E1ACA333-A90E-48E5-828E-D8A1F1DDAA66}.Release|x86.Build.0 = Release|Win32
		{E49B5791-2EDE-4A80-BEA0-19DC587609D4}.Debug|x64.ActiveCfg = Debug|x64
		{E49B5791-2EDE-4A80-BEA0-19DC587609D4}.Debug|x64.Build.0 = Debug|x64
		{E49B5791-2EDE-4A80-BEA0-19DC587609D4}.Debug|x86.ActiveCfg = Debug|Win32
		{E49B5791-2EDE-4A80-BEA0-19DC587609D4}.Debug|x86.Build.0 = Debug|Win32
		{E49B5791-2EDE-4A80-BEA0-19DC587609D4}.Release|x64.ActiveCfg = Release|x64
		{E49B5791-2EDE-4A80-BEA0-19DC587609D4}.Release|x64.Build.0 = Release|x64
		{E49B5791-2EDE-4A80-BEA0-19DC587609D4}.Release|x86.ActiveCfg = Release|Win32
		{E49B5791-2EDE-4A80-BEA0-19DC587609D4}.Release|x86.Build.0 = Release|Win32
		{AA7BE321-781F-4044-B9D2-D423B010996C}.Debug|x64.ActiveCfg = Debug|Win32
		{AA7BE321-781F-4044-B9D2-D423B010996C}.Debug|x86.ActiveCfg = Debug|Win32
		{AA7BE321-781F-4044-B9D2-D423B010996C}.Debug|x86.Build.0 = Debug|Win32
		{AA7BE321-781F-4044-B9D2-D423B010996C}.Release|x64.ActiveCfg = Release|Win32
		{AA7BE321-781F-4044-B9D2-D423B010996C}.Release|x86.ActiveCfg = Release|Win32
		{AA7BE321-781F-4044-B9D2-D423B010996C}.Release|x86.Build.0 = Release|Win32
		{708062F2-7FCE-4814-8884-E640AC0F6521}.Debug|x64.ActiveCfg = Debug|Win32
		{708062F2-7FCE-4814-8884-E640AC0F6521}.Debug|x86.ActiveCfg = Debug|Win32
		{708062F2-7FCE-4814-8884-E640AC0F6521}.Debug|x86.Build.0 = Debug|Win32
		{708062F2-7FCE-4814-8884-E640AC0F6521}.Release|x64.ActiveCfg = Release|Win32
		{708062F2-7FCE-4814-8884-E640AC0F6521}.Release|x86.ActiveCfg = Release|Win32
		{708062F2-7FCE-4814-8884-E640AC0F6521}.Release|x86.Build.0 = Release|Win32
		{0261715D-3393-489C-A812-F566A975A7D0}.Debug|x64.ActiveCfg = Debug|Win32
		{0261715D-3393-489C-A812-F566A975A7D0}.Debug|x86.ActiveCfg = Debug|Win32
		{0261715D-3393-489C-A812-F566A975A7D0}.Debug|x86.Build.0 = Debug|Win32
		{0261715D-3393-489C-A812-F566A975A7D0}.Release|x64.ActiveCfg = Release|Win32
		{0261715D-3393-489C-A812-F566A975A7D0}.Release|x86.ActiveCfg = Release|Win32
		{0261715D-3393-489C-A812-F566A975A7D0}.Release|x86.Build.0 = Release|Win32
		{242EEDFE-CF9A-45B4-A07C-56A2AD850368}.Debug|x64.ActiveCfg = Debug|x64
		{242EEDFE-CF9A-45B4-A07C-56A2AD850368}.Debug|x64.Build.0 = Debug|x64
		{242EEDFE-CF9A-45B4-A07C-56A2AD850368}.Debug|x86.ActiveCfg = Debug|Win32
		{242EEDFE-CF9A-45B4-A07C-56A2AD850368}.Debug|x86.Build.0 = Debug|Win32
		{242EEDFE-CF9A-45B4-A07C-56A2AD850368}.Release|x64.ActiveCfg = Release|x64
		{242EEDFE-CF9A-45B4-A07C-56A2AD850368}.Release|x64.Build.0 = Release|x64
		{242EEDFE-CF9A-45B4-A07C-56A2AD850368}.Release|x86.ActiveCfg = Release|Win32
		{242EEDFE-CF9A-45B4-A07C-56A2AD850368}.Release|x86.Build.0 = Release|Win32
		{B69FDE13-1456-40D8-99D9-674448A065E7}.Debug|x64.ActiveCfg = Debug|x64
		{B69FDE13-1456-40D8-99D9-674448A065E7}.Debug|x64.Build.0 = Debug|x64
		{B69FDE13-1456-40D8-99D9-674448A065E7}.Debug|x86.ActiveCfg = Debug|Win32
		{B69FDE13-1456-40D8-99D9-674448A065E7}.Debug|x86.Build.0 = Debug|Win32
		{B69FDE13-1456-40D8-99D9-674448A065E7}.Release|x64.ActiveCfg = Release|x64
		{B69FDE13-1456-40D8-99D9-674448A065E7}.Release|x64.Build.0 = Release|x64
		{B69FDE13-1456-40D8-99D9-674448A065E7}.Release|x86.ActiveCfg = Release|Win32
		{B69FDE13-1456-40D8-99D9-674448A065E7}.Release|x86.Build.0 = Release|Win32
		{3EB5F5FC-0F80-4C88-A1AB-4D7162B36583}.Debug|x64.ActiveCfg = Debug|x64
		{3EB5F5FC-0F80-4C88-A1AB-4D7162B36583}.Debug|x64.Build.0 = Debug|x64
		{3EB5F5FC-0F80-4C88-A1AB-4D7162B36583}.Debug|x86.ActiveCfg = Debug|Win32
		{3EB5F5FC-0F80-4C88-A1AB-4D7162B36583}.Debug|x86.Build.0 = Debug|Win32
		{3EB5F5FC-0F80-4C88-A1AB-4D7162B36583}.Release|x64.ActiveCfg = Release|x64
		{3EB5F5FC-0F80-4C88-A1AB-4D7162B36583}.Release|x64.Build.0 = Release|x64
		{3EB5F5FC-0F80-4C88-A1AB-4D7162B36583}.Release|x86.ActiveCfg = Release|Win32
		{3EB5F5FC-0F80-4C88-A1AB-4D7162B36583}.Release|x86.Build.0 = Release|Win32
		{DB82E84B-98CB-4BD3-8E83-A8A2218423DA}.Debug|x64.ActiveCfg = Debug|x64
		{DB82E84B-98CB-4BD3-8E83-A8A2218423DA}.Debug|x64.Build.0 = Debug|x64
		{DB82E84B-98CB-4BD3-8E83-A8A2218423DA}.Debug|x86.ActiveCfg = Debug|Win32
		{DB82E84B-98CB-4BD3-8E83-A8A2218423DA}.Debug|x86.Build.0 = Debug|Win32
		{DB82E84B-98CB-4BD3-8E83-A8A2218423DA}.Release|x64.ActiveCfg = Release|x64
		{DB82E84B-98CB-4BD3-8E83-A8A2218423DA}.Release|x64.Build.0 = Release|x64
		{DB82E84B-98CB-4BD3-8E83-A8A2218423DA}.Release|x86.ActiveCfg = Release|Win32
		{DB82E84B-98CB-4BD3-8E83-A8A2218423DA}.Release|x86.Build.0 = Release|Win32
		{A9677A70-E810-4A32-9216-848266D3F76D}.Debug|x64.ActiveCfg = Debug|x64
		{A9677A70-E810-4A32-9216-848266D3F76D}.Debug|x64.Build.0 = Debug|x64
		{A9677A70-E810-4A32-9216-848266D3F76D}.Debug|x86.ActiveCfg = Debug|Win32
		{A9677A70-E810-4A32-9216-848266D3F76D}.Debug|x86.Build.0 = Debug|Win32
		{A9677A70-E810-4A32-9216-848266D3F76D}.Release|x64.ActiveCfg = Release|x64
		{A9677A70-E810-4A32-9216-848266D3F76D}.Release|x64.Build.0 = Release|x64
		{A9677A70-E810-4A32-9216-848266D3F76D}.Release|x86.ActiveCfg = Release|Win32
		{A9677A70-E810-4A32-9216-848266D3F76D}.Release|x86.Build.0 = Release|Win32
	EndGlobalSection
	GlobalSection(SolutionProperties) = preSolution
		HideSolutionNode = FALSE
	EndGlobalSection
EndGlobal
