
Microsoft Visual Studio Solution File, Format Version 12.00
# Visual Studio 14
VisualStudioVersion = 14.0.25420.1
MinimumVisualStudioVersion = 10.0.40219.1
Project("{8BC9CEB8-8B4A-11D0-8D11-00A0C91BC942}") = "chrono", "chrono\chrono.vcxproj", "{FEB34EF2-3640-4C68-BC87-B07C56DD58DC}"
EndProject
Project("{8BC9CEB8-8B4A-11D0-8D11-00A0C91BC942}") = "chrono_test", "chrono_test\test.vcxproj", "{5A3BAD1B-3804-4C01-A1F1-C23462D2F2D4}"
EndProject
Project("{8BC9CEB8-8B4A-11D0-8D11-00A0C91BC942}") = "atomic", "atomic\atomic.vcxproj", "{D12E225F-AE15-41A2-A705-2CC4FC585CEB}"
EndProject
Project("{8BC9CEB8-8B4A-11D0-8D11-00A0C91BC942}") = "atomic_flag", "atomic_flag\atomic_flag.vcxproj", "{180A5E88-D398-4252-871A-BE85688308DB}"
EndProject
Project("{8BC9CEB8-8B4A-11D0-8D11-00A0C91BC942}") = "int_thread", "int_thread\int_thread.vcxproj", "{510B4D12-ED72-4404-B969-93CAD5B1C5EA}"
EndProject
Global
	GlobalSection(SolutionConfigurationPlatforms) = preSolution
		Debug|x64 = Debug|x64
		Debug|x86 = Debug|x86
		Release|x64 = Release|x64
		Release|x86 = Release|x86
	EndGlobalSection
	GlobalSection(ProjectConfigurationPlatforms) = postSolution
		{FEB34EF2-3640-4C68-BC87-B07C56DD58DC}.Debug|x64.ActiveCfg = Debug|Win32
		{FEB34EF2-3640-4C68-BC87-B07C56DD58DC}.Debug|x86.ActiveCfg = Debug|Win32
		{FEB34EF2-3640-4C68-BC87-B07C56DD58DC}.Debug|x86.Build.0 = Debug|Win32
		{FEB34EF2-3640-4C68-BC87-B07C56DD58DC}.Release|x64.ActiveCfg = Release|Win32
		{FEB34EF2-3640-4C68-BC87-B07C56DD58DC}.Release|x86.ActiveCfg = Release|Win32
		{FEB34EF2-3640-4C68-BC87-B07C56DD58DC}.Release|x86.Build.0 = Release|Win32
		{5A3BAD1B-3804-4C01-A1F1-C23462D2F2D4}.Debug|x64.ActiveCfg = Debug|Win32
		{5A3BAD1B-3804-4C01-A1F1-C23462D2F2D4}.Debug|x86.ActiveCfg = Debug|Win32
		{5A3BAD1B-3804-4C01-A1F1-C23462D2F2D4}.Debug|x86.Build.0 = Debug|Win32
		{5A3BAD1B-3804-4C01-A1F1-C23462D2F2D4}.Release|x64.ActiveCfg = Release|Win32
		{5A3BAD1B-3804-4C01-A1F1-C23462D2F2D4}.Release|x86.ActiveCfg = Release|Win32
		{5A3BAD1B-3804-4C01-A1F1-C23462D2F2D4}.Release|x86.Build.0 = Release|Win32
		{D12E225F-AE15-41A2-A705-2CC4FC585CEB}.Debug|x64.ActiveCfg = Debug|x64
		{D12E225F-AE15-41A2-A705-2CC4FC585CEB}.Debug|x64.Build.0 = Debug|x64
		{D12E225F-AE15-41A2-A705-2CC4FC585CEB}.Debug|x86.ActiveCfg = Debug|Win32
		{D12E225F-AE15-41A2-A705-2CC4FC585CEB}.Debug|x86.Build.0 = Debug|Win32
		{D12E225F-AE15-41A2-A705-2CC4FC585CEB}.Release|x64.ActiveCfg = Release|x64
		{D12E225F-AE15-41A2-A705-2CC4FC585CEB}.Release|x64.Build.0 = Release|x64
		{D12E225F-AE15-41A2-A705-2CC4FC585CEB}.Release|x86.ActiveCfg = Release|Win32
		{D12E225F-AE15-41A2-A705-2CC4FC585CEB}.Release|x86.Build.0 = Release|Win32
		{180A5E88-D398-4252-871A-BE85688308DB}.Debug|x64.ActiveCfg = Debug|x64
		{180A5E88-D398-4252-871A-BE85688308DB}.Debug|x64.Build.0 = Debug|x64
		{180A5E88-D398-4252-871A-BE85688308DB}.Debug|x86.ActiveCfg = Debug|Win32
		{180A5E88-D398-4252-871A-BE85688308DB}.Debug|x86.Build.0 = Debug|Win32
		{180A5E88-D398-4252-871A-BE85688308DB}.Release|x64.ActiveCfg = Release|x64
		{180A5E88-D398-4252-871A-BE85688308DB}.Release|x64.Build.0 = Release|x64
		{180A5E88-D398-4252-871A-BE85688308DB}.Release|x86.ActiveCfg = Release|Win32
		{180A5E88-D398-4252-871A-BE85688308DB}.Release|x86.Build.0 = Release|Win32
		{510B4D12-ED72-4404-B969-93CAD5B1C5EA}.Debug|x64.ActiveCfg = Debug|x64
		{510B4D12-ED72-4404-B969-93CAD5B1C5EA}.Debug|x64.Build.0 = Debug|x64
		{510B4D12-ED72-4404-B969-93CAD5B1C5EA}.Debug|x86.ActiveCfg = Debug|Win32
		{510B4D12-ED72-4404-B969-93CAD5B1C5EA}.Debug|x86.Build.0 = Debug|Win32
		{510B4D12-ED72-4404-B969-93CAD5B1C5EA}.Release|x64.ActiveCfg = Release|x64
		{510B4D12-ED72-4404-B969-93CAD5B1C5EA}.Release|x64.Build.0 = Release|x64
		{510B4D12-ED72-4404-B969-93CAD5B1C5EA}.Release|x86.ActiveCfg = Release|Win32
		{510B4D12-ED72-4404-B969-93CAD5B1C5EA}.Release|x86.Build.0 = Release|Win32
	EndGlobalSection
	GlobalSection(SolutionProperties) = preSolution
		HideSolutionNode = FALSE
	EndGlobalSection
EndGlobal
